{
  "name": "t.pe",
  "version": "1.0.0",
  "lockfileVersion": 1,
  "requires": true,
  "dependencies": {
    "animate.css": {
      "version": "3.5.2",
      "resolved": "https://registry.npmjs.org/animate.css/-/animate.css-3.5.2.tgz",
      "integrity": "sha1-keZo3AaagI5eSZUUhnuXquAWbDY="
    },
    "bootstrap": {
      "version": "4.0.0-beta.3",
      "resolved": "https://registry.npmjs.org/bootstrap/-/bootstrap-4.0.0-beta.3.tgz",
      "integrity": "sha512-/Qe1Q2d1muLEZRX2iCteMQHZBBAm6ZIjJ9FcBYK/xLr05+HvDtBOVBN+Cz7mCNZuy0zr+y5artZHM05W7mIz6g=="
    },
    "jquery": {
      "version": "3.2.1",
      "resolved": "https://registry.npmjs.org/jquery/-/jquery-3.2.1.tgz",
      "integrity": "sha1-XE2d5lKvbNCncBVKYxu6ErAVx4c="
    },
    "waypoints": {
      "version": "4.0.1",
      "resolved": "https://registry.npmjs.org/waypoints/-/waypoints-4.0.1.tgz",
      "integrity": "sha1-CZeaBXOBCylifLpDZqKEoGLsacg="
    }
  }
}
